
Microsoft Visual Studio Solution File, Format Version 12.00
# Visual Studio Version 16
VisualStudioVersion = 16.0.29009.5
MinimumVisualStudioVersion = 10.0.40219.1
Project("{2150E333-8FDC-42A3-9474-1A3956D46DE8}") = "assets", "assets", "{47D6ED3D-2CB1-4501-AB0E-DCD5EEBECD11}"
	ProjectSection(SolutionItems) = preProject
		.editorconfig = .editorconfig
		Directory.Build.props = Directory.Build.props
		Instantia.sln.DotSettings = Instantia.sln.DotSettings
		README.md = README.md
	EndProjectSection
EndProject
Project("{2150E333-8FDC-42A3-9474-1A3956D46DE8}") = "src", "src", "{26D253C9-BDEC-41EF-8691-5B50028F0299}"
EndProject
Project("{FAE04EC0-301F-11D3-BF4B-00C04F79EFBC}") = "Instantia", "src\Instantia\Instantia.csproj", "{13A6FADB-E77A-4C7F-B14A-1466F636A946}"
EndProject
Global
	GlobalSection(SolutionConfigurationPlatforms) = preSolution
		Debug|Any CPU = Debug|Any CPU
		Release|Any CPU = Release|Any CPU
	EndGlobalSection
	GlobalSection(ProjectConfigurationPlatforms) = postSolution
		{13A6FADB-E77A-4C7F-B14A-1466F636A946}.Debug|Any CPU.ActiveCfg = Debug|Any CPU
		{13A6FADB-E77A-4C7F-B14A-1466F636A946}.Debug|Any CPU.Build.0 = Debug|Any CPU
		{13A6FADB-E77A-4C7F-B14A-1466F636A946}.Release|Any CPU.ActiveCfg = Release|Any CPU
		{13A6FADB-E77A-4C7F-B14A-1466F636A946}.Release|Any CPU.Build.0 = Release|Any CPU
	EndGlobalSection
	GlobalSection(SolutionProperties) = preSolution
		HideSolutionNode = FALSE
	EndGlobalSection
	GlobalSection(NestedProjects) = preSolution
		{13A6FADB-E77A-4C7F-B14A-1466F636A946} = {26D253C9-BDEC-41EF-8691-5B50028F0299}
	EndGlobalSection
	GlobalSection(ExtensibilityGlobals) = postSolution
		SolutionGuid = {35FBC6EB-8D47-4EA8-9767-276F952B0937}
	EndGlobalSection
EndGlobal
